// !$*UTF8*$!
{
	archiveVersion = 1;
	classes = {
	};
	objectVersion = 55;
	objects = {

/* Begin PBXBuildFile section */
		F21FD9C228B70F8B00960D86 /* JHTextField.swift in Sources */ = {isa = PBXBuildFile; fileRef = F21FD9BE28B70F8B00960D86 /* JHTextField.swift */; };
		F21FD9C328B70F8B00960D86 /* JHTextField_ThemeStyle.swift in Sources */ = {isa = PBXBuildFile; fileRef = F21FD9BF28B70F8B00960D86 /* JHTextField_ThemeStyle.swift */; };
		F21FD9C528B70F8B00960D86 /* JHTextField_UITextFieldDelegate.swift in Sources */ = {isa = PBXBuildFile; fileRef = F21FD9C128B70F8B00960D86 /* JHTextField_UITextFieldDelegate.swift */; };
		F7B28921E6D06FADF93AB5E1 /* Pods_JHTextField.framework in Frameworks */ = {isa = PBXBuildFile; fileRef = 61883BD259B81BAEC233C71A /* Pods_JHTextField.framework */; };
/* End PBXBuildFile section */

/* Begin PBXFileReference section */
		61883BD259B81BAEC233C71A /* Pods_JHTextField.framework */ = {isa = PBXFileReference; explicitFileType = wrapper.framework; includeInIndex = 0; path = Pods_JHTextField.framework; sourceTree = BUILT_PRODUCTS_DIR; };
		6439E287B69448F7F084025A /* Pods-JHTextField.debug.xcconfig */ = {isa = PBXFileReference; includeInIndex = 1; lastKnownFileType = text.xcconfig; name = "Pods-JHTextField.debug.xcconfig"; path = "Target Support Files/Pods-JHTextField/Pods-JHTextField.debug.xcconfig"; sourceTree = "<group>"; };
		F21FD9BE28B70F8B00960D86 /* JHTextField.swift */ = {isa = PBXFileReference; fileEncoding = 4; lastKnownFileType = sourcecode.swift; path = JHTextField.swift; sourceTree = "<group>"; };
		F21FD9BF28B70F8B00960D86 /* JHTextField_ThemeStyle.swift */ = {isa = PBXFileReference; fileEncoding = 4; lastKnownFileType = sourcecode.swift; path = JHTextField_ThemeStyle.swift; sourceTree = "<group>"; };
		F21FD9C128B70F8B00960D86 /* JHTextField_UITextFieldDelegate.swift */ = {isa = PBXFileReference; fileEncoding = 4; lastKnownFileType = sourcecode.swift; path = JHTextField_UITextFieldDelegate.swift; sourceTree = "<group>"; };
		F28D0F6428B4AE0E00B17BCD /* JHTextField.framework */ = {isa = PBXFileReference; explicitFileType = wrapper.framework; includeInIndex = 0; path = JHTextField.framework; sourceTree = BUILT_PRODUCTS_DIR; };
		F39D4F5A93D5E6240751469F /* Pods-JHTextField.release.xcconfig */ = {isa = PBXFileReference; includeInIndex = 1; lastKnownFileType = text.xcconfig; name = "Pods-JHTextField.release.xcconfig"; path = "Target Support Files/Pods-JHTextField/Pods-JHTextField.release.xcconfig"; sourceTree = "<group>"; };
/* End PBXFileReference section */

/* Begin PBXFrameworksBuildPhase section */
		F28D0F6128B4AE0E00B17BCD /* Frameworks */ = {
			isa = PBXFrameworksBuildPhase;
			buildActionMask = 2147483647;
			files = (
				F7B28921E6D06FADF93AB5E1 /* Pods_JHTextField.framework in Frameworks */,
			);
			runOnlyForDeploymentPostprocessing = 0;
		};
/* End PBXFrameworksBuildPhase section */

/* Begin PBXGroup section */
		AC8CECBBA599A3F4FA33C419 /* Pods */ = {
			isa = PBXGroup;
			children = (
				6439E287B69448F7F084025A /* Pods-JHTextField.debug.xcconfig */,
				F39D4F5A93D5E6240751469F /* Pods-JHTextField.release.xcconfig */,
			);
			path = Pods;
			sourceTree = "<group>";
		};
		F21FD9BC28B70F8B00960D86 /* Sources */ = {
			isa = PBXGroup;
			children = (
				F21FD9BD28B70F8B00960D86 /* JHTextField */,
			);
			name = Sources;
			path = Package/Sources;
			sourceTree = "<group>";
		};
		F21FD9BD28B70F8B00960D86 /* JHTextField */ = {
			isa = PBXGroup;
			children = (
				F21FD9BE28B70F8B00960D86 /* JHTextField.swift */,
				F21FD9BF28B70F8B00960D86 /* JHTextField_ThemeStyle.swift */,
				F21FD9C128B70F8B00960D86 /* JHTextField_UITextFieldDelegate.swift */,
			);
			path = JHTextField;
			sourceTree = "<group>";
		};
		F28D0F5A28B4AE0E00B17BCD = {
			isa = PBXGroup;
			children = (
				F21FD9BC28B70F8B00960D86 /* Sources */,
				F28D0F6528B4AE0E00B17BCD /* Products */,
				F28D0F7728B4AF7B00B17BCD /* Frameworks */,
				AC8CECBBA599A3F4FA33C419 /* Pods */,
			);
			sourceTree = "<group>";
		};
		F28D0F6528B4AE0E00B17BCD /* Products */ = {
			isa = PBXGroup;
			children = (
				F28D0F6428B4AE0E00B17BCD /* JHTextField.framework */,
			);
			name = Products;
			sourceTree = "<group>";
		};
		F28D0F7728B4AF7B00B17BCD /* Frameworks */ = {
			isa = PBXGroup;
			children = (
				61883BD259B81BAEC233C71A /* Pods_JHTextField.framework */,
			);
			name = Frameworks;
			sourceTree = "<group>";
		};
/* End PBXGroup section */

/* Begin PBXHeadersBuildPhase section */
		F28D0F5F28B4AE0E00B17BCD /* Headers */ = {
			isa = PBXHeadersBuildPhase;
			buildActionMask = 2147483647;
			files = (
			);
			runOnlyForDeploymentPostprocessing = 0;
		};
/* End PBXHeadersBuildPhase section */

/* Begin PBXNativeTarget section */
		F28D0F6328B4AE0E00B17BCD /* JHTextField */ = {
			isa = PBXNativeTarget;
			buildConfigurationList = F28D0F6B28B4AE0E00B17BCD /* Build configuration list for PBXNativeTarget "JHTextField" */;
			buildPhases = (
				8D8235D0A7A03718ECD350A6 /* [CP] Check Pods Manifest.lock */,
				F28D0F5F28B4AE0E00B17BCD /* Headers */,
				F28D0F6028B4AE0E00B17BCD /* Sources */,
				F28D0F6128B4AE0E00B17BCD /* Frameworks */,
				F28D0F6228B4AE0E00B17BCD /* Resources */,
			);
			buildRules = (
			);
			dependencies = (
				F28D0F7B28B4AF8000B17BCD /* PBXTargetDependency */,
			);
			name = JHTextField;
			packageProductDependencies = (
			);
			productName = JHTextField;
			productReference = F28D0F6428B4AE0E00B17BCD /* JHTextField.framework */;
			productType = "com.apple.product-type.framework";
		};
/* End PBXNativeTarget section */

/* Begin PBXProject section */
		F28D0F5B28B4AE0E00B17BCD /* Project object */ = {
			isa = PBXProject;
			attributes = {
				BuildIndependentTargetsInParallel = 1;
				LastUpgradeCheck = 1340;
				TargetAttributes = {
					F28D0F6328B4AE0E00B17BCD = {
						CreatedOnToolsVersion = 13.4.1;
					};
				};
			};
			buildConfigurationList = F28D0F5E28B4AE0E00B17BCD /* Build configuration list for PBXProject "JHTextField" */;
			compatibilityVersion = "Xcode 13.0";
			developmentRegion = en;
			hasScannedForEncodings = 0;
			knownRegions = (
				en,
				Base,
			);
			mainGroup = F28D0F5A28B4AE0E00B17BCD;
			productRefGroup = F28D0F6528B4AE0E00B17BCD /* Products */;
			projectDirPath = "";
			projectRoot = "";
			targets = (
				F28D0F6328B4AE0E00B17BCD /* JHTextField */,
			);
		};
/* End PBXProject section */

/* Begin PBXResourcesBuildPhase section */
		F28D0F6228B4AE0E00B17BCD /* Resources */ = {
			isa = PBXResourcesBuildPhase;
			buildActionMask = 2147483647;
			files = (
			);
			runOnlyForDeploymentPostprocessing = 0;
		};
/* End PBXResourcesBuildPhase section */

/* Begin PBXShellScriptBuildPhase section */
		8D8235D0A7A03718ECD350A6 /* [CP] Check Pods Manifest.lock */ = {
			isa = PBXShellScriptBuildPhase;
			buildActionMask = 2147483647;
			files = (
			);
			inputFileListPaths = (
			);
			inputPaths = (
				"${PODS_PODFILE_DIR_PATH}/Podfile.lock",
				"${PODS_ROOT}/Manifest.lock",
			);
			name = "[CP] Check Pods Manifest.lock";
			outputFileListPaths = (
			);
			outputPaths = (
				"$(DERIVED_FILE_DIR)/Pods-JHTextField-checkManifestLockResult.txt",
			);
			runOnlyForDeploymentPostprocessing = 0;
			shellPath = /bin/sh;
			shellScript = "diff \"${PODS_PODFILE_DIR_PATH}/Podfile.lock\" \"${PODS_ROOT}/Manifest.lock\" > /dev/null\nif [ $? != 0 ] ; then\n    # print error to STDERR\n    echo \"error: The sandbox is not in sync with the Podfile.lock. Run 'pod install' or update your CocoaPods installation.\" >&2\n    exit 1\nfi\n# This output is used by Xcode 'outputs' to avoid re-running this script phase.\necho \"SUCCESS\" > \"${SCRIPT_OUTPUT_FILE_0}\"\n";
			showEnvVarsInLog = 0;
		};
/* End PBXShellScriptBuildPhase section */

/* Begin PBXSourcesBuildPhase section */
		F28D0F6028B4AE0E00B17BCD /* Sources */ = {
			isa = PBXSourcesBuildPhase;
			buildActionMask = 2147483647;
			files = (
				F21FD9C228B70F8B00960D86 /* JHTextField.swift in Sources */,
				F21FD9C528B70F8B00960D86 /* JHTextField_UITextFieldDelegate.swift in Sources */,
				F21FD9C328B70F8B00960D86 /* JHTextField_ThemeStyle.swift in Sources */,
			);
			runOnlyForDeploymentPostprocessing = 0;
		};
/* End PBXSourcesBuildPhase section */

/* Begin PBXTargetDependency section */
		F28D0F7B28B4AF8000B17BCD /* PBXTargetDependency */ = {
			isa = PBXTargetDependency;
		};
/* End PBXTargetDependency section */

/* Begin XCBuildConfiguration section */
		F28D0F6928B4AE0E00B17BCD /* Debug */ = {
			isa = XCBuildConfiguration;
			buildSettings = {
				ALWAYS_SEARCH_USER_PATHS = NO;
				CLANG_ANALYZER_NONNULL = YES;
				CLANG_ANALYZER_NUMBER_OBJECT_CONVERSION = YES_AGGRESSIVE;
				CLANG_CXX_LANGUAGE_STANDARD = "gnu++17";
				CLANG_ENABLE_MODULES = YES;
				CLANG_ENABLE_OBJC_ARC = YES;
				CLANG_ENABLE_OBJC_WEAK = YES;
				CLANG_WARN_BLOCK_CAPTURE_AUTORELEASING = YES;
				CLANG_WARN_BOOL_CONVERSION = YES;
				CLANG_WARN_COMMA = YES;
				CLANG_WARN_CONSTANT_CONVERSION = YES;
				CLANG_WARN_DEPRECATED_OBJC_IMPLEMENTATIONS = YES;
				CLANG_WARN_DIRECT_OBJC_ISA_USAGE = YES_ERROR;
				CLANG_WARN_DOCUMENTATION_COMMENTS = YES;
				CLANG_WARN_EMPTY_BODY = YES;
				CLANG_WARN_ENUM_CONVERSION = YES;
				CLANG_WARN_INFINITE_RECURSION = YES;
				CLANG_WARN_INT_CONVERSION = YES;
				CLANG_WARN_NON_LITERAL_NULL_CONVERSION = YES;
				CLANG_WARN_OBJC_IMPLICIT_RETAIN_SELF = YES;
				CLANG_WARN_OBJC_LITERAL_CONVERSION = YES;
				CLANG_WARN_OBJC_ROOT_CLASS = YES_ERROR;
				CLANG_WARN_QUOTED_INCLUDE_IN_FRAMEWORK_HEADER = YES;
				CLANG_WARN_RANGE_LOOP_ANALYSIS = YES;
				CLANG_WARN_STRICT_PROTOTYPES = YES;
				CLANG_WARN_SUSPICIOUS_MOVE = YES;
				CLANG_WARN_UNGUARDED_AVAILABILITY = YES_AGGRESSIVE;
				CLANG_WARN_UNREACHABLE_CODE = YES;
				CLANG_WARN__DUPLICATE_METHOD_MATCH = YES;
				COPY_PHASE_STRIP = NO;
				CURRENT_PROJECT_VERSION = 1;
				DEBUG_INFORMATION_FORMAT = dwarf;
				ENABLE_STRICT_OBJC_MSGSEND = YES;
				ENABLE_TESTABILITY = YES;
				GCC_C_LANGUAGE_STANDARD = gnu11;
				GCC_DYNAMIC_NO_PIC = NO;
				GCC_NO_COMMON_BLOCKS = YES;
				GCC_OPTIMIZATION_LEVEL = 0;
				GCC_PREPROCESSOR_DEFINITIONS = (
					"DEBUG=1",
					"$(inherited)",
				);
				GCC_WARN_64_TO_32_BIT_CONVERSION = YES;
				GCC_WARN_ABOUT_RETURN_TYPE = YES_ERROR;
				GCC_WARN_UNDECLARED_SELECTOR = YES;
				GCC_WARN_UNINITIALIZED_AUTOS = YES_AGGRESSIVE;
				GCC_WARN_UNUSED_FUNCTION = YES;
				GCC_WARN_UNUSED_VARIABLE = YES;
				IPHONEOS_DEPLOYMENT_TARGET = 15.5;
				MTL_ENABLE_DEBUG_INFO = INCLUDE_SOURCE;
				MTL_FAST_MATH = YES;
				ONLY_ACTIVE_ARCH = YES;
				SDKROOT = iphoneos;
				SWIFT_ACTIVE_COMPILATION_CONDITIONS = DEBUG;
				SWIFT_OPTIMIZATION_LEVEL = "-Onone";
				VERSIONING_SYSTEM = "apple-generic";
				VERSION_INFO_PREFIX = "";
			};
			name = Debug;
		};
		F28D0F6A28B4AE0E00B17BCD /* Release */ = {
			isa = XCBuildConfiguration;
			buildSettings = {
				ALWAYS_SEARCH_USER_PATHS = NO;
				CLANG_ANALYZER_NONNULL = YES;
				CLANG_ANALYZER_NUMBER_OBJECT_CONVERSION = YES_AGGRESSIVE;
				CLANG_CXX_LANGUAGE_STANDARD = "gnu++17";
				CLANG_ENABLE_MODULES = YES;
				CLANG_ENABLE_OBJC_ARC = YES;
				CLANG_ENABLE_OBJC_WEAK = YES;
				CLANG_WARN_BLOCK_CAPTURE_AUTORELEASING = YES;
				CLANG_WARN_BOOL_CONVERSION = YES;
				CLANG_WARN_COMMA = YES;
				CLANG_WARN_CONSTANT_CONVERSION = YES;
				CLANG_WARN_DEPRECATED_OBJC_IMPLEMENTATIONS = YES;
				CLANG_WARN_DIRECT_OBJC_ISA_USAGE = YES_ERROR;
				CLANG_WARN_DOCUMENTATION_COMMENTS = YES;
				CLANG_WARN_EMPTY_BODY = YES;
				CLANG_WARN_ENUM_CONVERSION = YES;
				CLANG_WARN_INFINITE_RECURSION = YES;
				CLANG_WARN_INT_CONVERSION = YES;
				CLANG_WARN_NON_LITERAL_NULL_CONVERSION = YES;
				CLANG_WARN_OBJC_IMPLICIT_RETAIN_SELF = YES;
				CLANG_WARN_OBJC_LITERAL_CONVERSION = YES;
				CLANG_WARN_OBJC_ROOT_CLASS = YES_ERROR;
				CLANG_WARN_QUOTED_INCLUDE_IN_FRAMEWORK_HEADER = YES;
				CLANG_WARN_RANGE_LOOP_ANALYSIS = YES;
				CLANG_WARN_STRICT_PROTOTYPES = YES;
				CLANG_WARN_SUSPICIOUS_MOVE = YES;
				CLANG_WARN_UNGUARDED_AVAILABILITY = YES_AGGRESSIVE;
				CLANG_WARN_UNREACHABLE_CODE = YES;
				CLANG_WARN__DUPLICATE_METHOD_MATCH = YES;
				COPY_PHASE_STRIP = NO;
				CURRENT_PROJECT_VERSION = 1;
				DEBUG_INFORMATION_FORMAT = "dwarf-with-dsym";
				ENABLE_NS_ASSERTIONS = NO;
				ENABLE_STRICT_OBJC_MSGSEND = YES;
				GCC_C_LANGUAGE_STANDARD = gnu11;
				GCC_NO_COMMON_BLOCKS = YES;
				GCC_WARN_64_TO_32_BIT_CONVERSION = YES;
				GCC_WARN_ABOUT_RETURN_TYPE = YES_ERROR;
				GCC_WARN_UNDECLARED_SELECTOR = YES;
				GCC_WARN_UNINITIALIZED_AUTOS = YES_AGGRESSIVE;
				GCC_WARN_UNUSED_FUNCTION = YES;
				GCC_WARN_UNUSED_VARIABLE = YES;
				IPHONEOS_DEPLOYMENT_TARGET = 15.5;
				MTL_ENABLE_DEBUG_INFO = NO;
				MTL_FAST_MATH = YES;
				SDKROOT = iphoneos;
				SWIFT_COMPILATION_MODE = wholemodule;
				SWIFT_OPTIMIZATION_LEVEL = "-O";
				VALIDATE_PRODUCT = YES;
				VERSIONING_SYSTEM = "apple-generic";
				VERSION_INFO_PREFIX = "";
			};
			name = Release;
		};
		F28D0F6C28B4AE0E00B17BCD /* Debug */ = {
			isa = XCBuildConfiguration;
			baseConfigurationReference = 6439E287B69448F7F084025A /* Pods-JHTextField.debug.xcconfig */;
			buildSettings = {
				CODE_SIGN_STYLE = Automatic;
				CURRENT_PROJECT_VERSION = 1;
				DEFINES_MODULE = YES;
				DEVELOPMENT_TEAM = Z7CCF4GU6C;
				DYLIB_COMPATIBILITY_VERSION = 1;
				DYLIB_CURRENT_VERSION = 1;
				DYLIB_INSTALL_NAME_BASE = "@rpath";
				GENERATE_INFOPLIST_FILE = YES;
				INFOPLIST_KEY_NSHumanReadableCopyright = "";
				INSTALL_PATH = "$(LOCAL_LIBRARY_DIR)/Frameworks";
				IPHONEOS_DEPLOYMENT_TARGET = 13.0;
				LD_RUNPATH_SEARCH_PATHS = (
					"$(inherited)",
					"@executable_path/Frameworks",
					"@loader_path/Frameworks",
				);
				MACH_O_TYPE = staticlib;
				MARKETING_VERSION = 1.0;
				PRODUCT_BUNDLE_IDENTIFIER = com.JunHong.JHTextField;
				PRODUCT_NAME = "$(TARGET_NAME:c99extidentifier)";
				SKIP_INSTALL = YES;
				SWIFT_EMIT_LOC_STRINGS = YES;
				SWIFT_VERSION = 5.0;
				TARGETED_DEVICE_FAMILY = "1,2";
			};
			name = Debug;
		};
		F28D0F6D28B4AE0E00B17BCD /* Release */ = {
			isa = XCBuildConfiguration;
			baseConfigurationReference = F39D4F5A93D5E6240751469F /* Pods-JHTextField.release.xcconfig */;
			buildSettings = {
				CODE_SIGN_STYLE = Automatic;
				CURRENT_PROJECT_VERSION = 1;
				DEFINES_MODULE = YES;
				DEVELOPMENT_TEAM = Z7CCF4GU6C;
				DYLIB_COMPATIBILITY_VERSION = 1;
				DYLIB_CURRENT_VERSION = 1;
				DYLIB_INSTALL_NAME_BASE = "@rpath";
				GENERATE_INFOPLIST_FILE = YES;
				INFOPLIST_KEY_NSHumanReadableCopyright = "";
				INSTALL_PATH = "$(LOCAL_LIBRARY_DIR)/Frameworks";
				IPHONEOS_DEPLOYMENT_TARGET = 13.0;
				LD_RUNPATH_SEARCH_PATHS = (
					"$(inherited)",
					"@executable_path/Frameworks",
					"@loader_path/Frameworks",
				);
				MACH_O_TYPE = staticlib;
				MARKETING_VERSION = 1.0;
				PRODUCT_BUNDLE_IDENTIFIER = com.JunHong.JHTextField;
				PRODUCT_NAME = "$(TARGET_NAME:c99extidentifier)";
				SKIP_INSTALL = YES;
				SWIFT_EMIT_LOC_STRINGS = YES;
				SWIFT_VERSION = 5.0;
				TARGETED_DEVICE_FAMILY = "1,2";
			};
			name = Release;
		};
/* End XCBuildConfiguration section */

/* Begin XCConfigurationList section */
		F28D0F5E28B4AE0E00B17BCD /* Build configuration list for PBXProject "JHTextField" */ = {
			isa = XCConfigurationList;
			buildConfigurations = (
				F28D0F6928B4AE0E00B17BCD /* Debug */,
				F28D0F6A28B4AE0E00B17BCD /* Release */,
			);
			defaultConfigurationIsVisible = 0;
			defaultConfigurationName = Release;
		};
		F28D0F6B28B4AE0E00B17BCD /* Build configuration list for PBXNativeTarget "JHTextField" */ = {
			isa = XCConfigurationList;
			buildConfigurations = (
				F28D0F6C28B4AE0E00B17BCD /* Debug */,
				F28D0F6D28B4AE0E00B17BCD /* Release */,
			);
			defaultConfigurationIsVisible = 0;
			defaultConfigurationName = Release;
		};
/* End XCConfigurationList section */
	};
	rootObject = F28D0F5B28B4AE0E00B17BCD /* Project object */;
}
